
Microsoft Visual Studio Solution File, Format Version 12.00
Project("{FAE04EC0-301F-11D3-BF4B-00C04F79EFBC}") = "Polymorphic", "Polymorphic\Polymorphic.csproj", "{2FC22656-E436-4CE9-A1AA-52281FA47F49}"
EndProject
Project("{FAE04EC0-301F-11D3-BF4B-00C04F79EFBC}") = "Polymorphic.Generator", "Polymorphic.Generator\Polymorphic.Generator.csproj", "{63902F7B-AB75-4ACE-9CF4-9EC5DAA66F0A}"
EndProject
Global
	GlobalSection(SolutionConfigurationPlatforms) = preSolution
		Debug|Any CPU = Debug|Any CPU
		Release|Any CPU = Release|Any CPU
	EndGlobalSection
	GlobalSection(ProjectConfigurationPlatforms) = postSolution
		{2FC22656-E436-4CE9-A1AA-52281FA47F49}.Debug|Any CPU.ActiveCfg = Debug|Any CPU
		{2FC22656-E436-4CE9-A1AA-52281FA47F49}.Debug|Any CPU.Build.0 = Debug|Any CPU
		{2FC22656-E436-4CE9-A1AA-52281FA47F49}.Release|Any CPU.ActiveCfg = Release|Any CPU
		{2FC22656-E436-4CE9-A1AA-52281FA47F49}.Release|Any CPU.Build.0 = Release|Any CPU
		{63902F7B-AB75-4ACE-9CF4-9EC5DAA66F0A}.Debug|Any CPU.ActiveCfg = Debug|Any CPU
		{63902F7B-AB75-4ACE-9CF4-9EC5DAA66F0A}.Debug|Any CPU.Build.0 = Debug|Any CPU
		{63902F7B-AB75-4ACE-9CF4-9EC5DAA66F0A}.Release|Any CPU.ActiveCfg = Release|Any CPU
		{63902F7B-AB75-4ACE-9CF4-9EC5DAA66F0A}.Release|Any CPU.Build.0 = Release|Any CPU
	EndGlobalSection
EndGlobal
